
Microsoft Visual Studio Solution File, Format Version 12.00
# Visual Studio 14
VisualStudioVersion = 14.0.25420.1
MinimumVisualStudioVersion = 10.0.40219.1
Project("{FAE04EC0-301F-11D3-BF4B-00C04F79EFBC}") = "FileSplitter", "FileSplitter\FileSplitter.csproj", "{971237ED-415D-4AB0-8CF9-C5571D644503}"
EndProject
Project("{2150E333-8FDC-42A3-9474-1A3956D46DE8}") = "Solution Items", "Solution Items", "{78B43C7B-31EE-4CB9-AB0D-8F17B60B015B}"
	ProjectSection(SolutionItems) = preProject
		.gitignore = .gitignore
		.travis.yml = .travis.yml
		changelog.txt = changelog.txt
		LICENSE = LICENSE
		README.md = README.md
	EndProjectSection
EndProject
Global
	GlobalSection(SolutionConfigurationPlatforms) = preSolution
		Debug|Any CPU = Debug|Any CPU
		Release|Any CPU = Release|Any CPU
	EndGlobalSection
	GlobalSection(ProjectConfigurationPlatforms) = postSolution
		{971237ED-415D-4AB0-8CF9-C5571D644503}.Debug|Any CPU.ActiveCfg = Debug|Any CPU
		{971237ED-415D-4AB0-8CF9-C5571D644503}.Debug|Any CPU.Build.0 = Debug|Any CPU
		{971237ED-415D-4AB0-8CF9-C5571D644503}.Release|Any CPU.ActiveCfg = Release|Any CPU
		{971237ED-415D-4AB0-8CF9-C5571D644503}.Release|Any CPU.Build.0 = Release|Any CPU
	EndGlobalSection
	GlobalSection(SolutionProperties) = preSolution
		HideSolutionNode = FALSE
	EndGlobalSection
	GlobalSection(ExtensibilityGlobals) = postSolution
		RESX_AutoCreateNewLanguageFiles = True
	EndGlobalSection
EndGlobal
